
Microsoft Visual Studio Solution File, Format Version 12.00
# Visual Studio Version 16
VisualStudioVersion = 16.0.30517.126
MinimumVisualStudioVersion = 10.0.40219.1
Project("{FAE04EC0-301F-11D3-BF4B-00C04F79EFBC}") = "ACSConsole202010", "ACSConsole202010.csproj", "{C688513E-D0AF-4220-BF94-C7BDFB76E486}"
EndProject
Global
	GlobalSection(SolutionConfigurationPlatforms) = preSolution
		Debug|Any CPU = Debug|Any CPU
		Release|Any CPU = Release|Any CPU
	EndGlobalSection
	GlobalSection(ProjectConfigurationPlatforms) = postSolution
		{C688513E-D0AF-4220-BF94-C7BDFB76E486}.Debug|Any CPU.ActiveCfg = Debug|Any CPU
		{C688513E-D0AF-4220-BF94-C7BDFB76E486}.Debug|Any CPU.Build.0 = Debug|Any CPU
		{C688513E-D0AF-4220-BF94-C7BDFB76E486}.Release|Any CPU.ActiveCfg = Release|Any CPU
		{C688513E-D0AF-4220-BF94-C7BDFB76E486}.Release|Any CPU.Build.0 = Release|Any CPU
	EndGlobalSection
	GlobalSection(SolutionProperties) = preSolution
		HideSolutionNode = FALSE
	EndGlobalSection
	GlobalSection(ExtensibilityGlobals) = postSolution
		SolutionGuid = {BF370EE0-069D-4165-A85A-CFC5D78221CD}
	EndGlobalSection
EndGlobal
